{
  "name": "@coohu/",
  "version": "0.8.40",
  "lockfileVersion": 3,
  "requires": true,
  "packages": {
    "": {
      "name": "@coohu/",
      "version": "0.8.40",
      "hasInstallScript": true,
      "license": "MIT",
      "bin": {
        "deepseek": "bin/deepseek.js",
        "": "bin/.js"
      },
      "engines": {
        "node": ">=18"
      }
    }
  }
}
